
Microsoft Visual Studio Solution File, Format Version 12.00
# Visual Studio Version 16
VisualStudioVersion = 16.0.31911.196
MinimumVisualStudioVersion = 10.0.40219.1
Project("{9A19103F-16F7-4668-BE54-9A1E7A4F7556}") = "Zenseless.PersistentSettings", "src\Zenseless.PersistentSettings.csproj", "{73F2176B-EF3F-4784-B99C-4E952854B950}"
EndProject
Project("{9A19103F-16F7-4668-BE54-9A1E7A4F7556}") = "Zenseless.PersistentSettings.Tests", "Tests\Zenseless.PersistentSettings.Tests.csproj", "{C5AB726E-08C1-4551-A447-C2053C635E82}"
EndProject
Project("{2150E333-8FDC-42A3-9474-1A3956D46DE8}") = "Solution Items", "Solution Items", "{DB57B397-ECFA-492B-870B-5C065C0E62CA}"
	ProjectSection(SolutionItems) = preProject
		appveyor.yml = appveyor.yml
		CHANGELOG.md = CHANGELOG.md
		CONTRIBUTING.md = CONTRIBUTING.md
		ISSUE_TEMPLATE.md = ISSUE_TEMPLATE.md
		readme.md = readme.md
	EndProjectSection
EndProject
Global
	GlobalSection(SolutionConfigurationPlatforms) = preSolution
		Debug|Any CPU = Debug|Any CPU
		Release|Any CPU = Release|Any CPU
	EndGlobalSection
	GlobalSection(ProjectConfigurationPlatforms) = postSolution
		{73F2176B-EF3F-4784-B99C-4E952854B950}.Debug|Any CPU.ActiveCfg = Debug|Any CPU
		{73F2176B-EF3F-4784-B99C-4E952854B950}.Debug|Any CPU.Build.0 = Debug|Any CPU
		{73F2176B-EF3F-4784-B99C-4E952854B950}.Release|Any CPU.ActiveCfg = Release|Any CPU
		{73F2176B-EF3F-4784-B99C-4E952854B950}.Release|Any CPU.Build.0 = Release|Any CPU
		{C5AB726E-08C1-4551-A447-C2053C635E82}.Debug|Any CPU.ActiveCfg = Debug|Any CPU
		{C5AB726E-08C1-4551-A447-C2053C635E82}.Debug|Any CPU.Build.0 = Debug|Any CPU
		{C5AB726E-08C1-4551-A447-C2053C635E82}.Release|Any CPU.ActiveCfg = Release|Any CPU
		{C5AB726E-08C1-4551-A447-C2053C635E82}.Release|Any CPU.Build.0 = Release|Any CPU
	EndGlobalSection
	GlobalSection(SolutionProperties) = preSolution
		HideSolutionNode = FALSE
	EndGlobalSection
	GlobalSection(ExtensibilityGlobals) = postSolution
		SolutionGuid = {175F6063-0014-4170-A4D0-4F145137A5FD}
	EndGlobalSection
EndGlobal
